
Microsoft Visual Studio Solution File, Format Version 12.00
# Visual Studio Version 17
VisualStudioVersion = 17.0.31903.59
MinimumVisualStudioVersion = 10.0.40219.1
Project("{2150E333-8FDC-42A3-9474-1A3956D46DE8}") = "services", "services", "{430D317E-EFD5-427B-A474-934E77831A1D}"
EndProject
Project("{2150E333-8FDC-42A3-9474-1A3956D46DE8}") = "company-service", "company-service", "{F5879C24-0B34-4B10-9095-0D7CDCEA80F4}"
EndProject
Project("{2150E333-8FDC-42A3-9474-1A3956D46DE8}") = "src", "src", "{1F4F2915-7ADA-4EAB-8A6F-CC202B35758F}"
	ProjectSection(SolutionItems) = preProject
		services\company-service\src\Dockerfile = services\company-service\src\Dockerfile
		services\company-service\src\.dockerignore = services\company-service\src\.dockerignore
	EndProjectSection
EndProject
Project("{FAE04EC0-301F-11D3-BF4B-00C04F79EFBC}") = "Company.Api", "services\company-service\src\Company.Api\Company.Api.csproj", "{A88BC92B-DCA6-46EF-99F3-BAF10C1303C7}"
EndProject
Project("{FAE04EC0-301F-11D3-BF4B-00C04F79EFBC}") = "Company.Core", "services\company-service\src\Company.Core\Company.Core.csproj", "{E6012EED-2884-4E5B-AFF4-39A380D191B1}"
EndProject
Project("{FAE04EC0-301F-11D3-BF4B-00C04F79EFBC}") = "Company.Infrastructure", "services\company-service\src\Company.Infrastructure\Company.Infrastructure.csproj", "{4AA87D02-9603-45BB-92E9-797F3C58CB8E}"
EndProject
Project("{2150E333-8FDC-42A3-9474-1A3956D46DE8}") = "analytics-service", "analytics-service", "{EA1E9D7D-7DB9-4709-8D4F-9E1B3CF962EE}"
EndProject
Project("{2150E333-8FDC-42A3-9474-1A3956D46DE8}") = "src", "src", "{42C87421-99D1-4E24-8B27-4AEED28C3EF6}"
	ProjectSection(SolutionItems) = preProject
		services\analytics-service\src\Dockerfile = services\analytics-service\src\Dockerfile
		services\company-service\src\.dockerignore = services\company-service\src\.dockerignore
	EndProjectSection
EndProject
Project("{FAE04EC0-301F-11D3-BF4B-00C04F79EFBC}") = "Analytics.Api", "services\analytics-service\src\Analytics.Api\Analytics.Api.csproj", "{A588B88B-E610-4370-885B-B7110D60CC06}"
EndProject
Project("{FAE04EC0-301F-11D3-BF4B-00C04F79EFBC}") = "Analytics.Core", "services\analytics-service\src\Analytics.Core\Analytics.Core.csproj", "{836F53A8-8F17-4EB0-B238-EECB5DB4AC4B}"
EndProject
Project("{FAE04EC0-301F-11D3-BF4B-00C04F79EFBC}") = "Analytics.Infrastructure", "services\analytics-service\src\Analytics.Infrastructure\Analytics.Infrastructure.csproj", "{B523B7B9-0B3D-4FDA-B67F-3845AFF21FB1}"
EndProject
Project("{2150E333-8FDC-42A3-9474-1A3956D46DE8}") = "auth-service", "auth-service", "{03194118-1E99-4B7B-ABAD-B3FCD5459AFF}"
EndProject
Project("{2150E333-8FDC-42A3-9474-1A3956D46DE8}") = "src", "src", "{C55EEB2A-98CD-49C1-BA7F-DF77A405A6D3}"
	ProjectSection(SolutionItems) = preProject
		services\auth-service\src\Dockerfile = services\auth-service\src\Dockerfile
		services\company-service\src\.dockerignore = services\company-service\src\.dockerignore
	EndProjectSection
EndProject
Project("{FAE04EC0-301F-11D3-BF4B-00C04F79EFBC}") = "Auth.Api", "services\auth-service\src\Auth.Api\Auth.Api.csproj", "{F5298826-BE29-4BEC-9C3E-B4EA6582F53D}"
EndProject
Project("{FAE04EC0-301F-11D3-BF4B-00C04F79EFBC}") = "Auth.Core", "services\auth-service\src\Auth.Core\Auth.Core.csproj", "{87069D72-4DB1-4876-A966-D702522E009D}"
EndProject
Project("{FAE04EC0-301F-11D3-BF4B-00C04F79EFBC}") = "Auth.Infrastructure", "services\auth-service\src\Auth.Infrastructure\Auth.Infrastructure.csproj", "{4B13F34C-26AB-45AD-8A43-E0A9683C5493}"
EndProject
Project("{2150E333-8FDC-42A3-9474-1A3956D46DE8}") = "notification-service", "notification-service", "{20A9A369-B8B7-4476-A91B-B665002DC84C}"
EndProject
Project("{2150E333-8FDC-42A3-9474-1A3956D46DE8}") = "src", "src", "{82F2E12E-EE97-4A96-A700-67A69A65353F}"
	ProjectSection(SolutionItems) = preProject
		services\notification-service\src\Dockerfile = services\notification-service\src\Dockerfile
		services\company-service\src\.dockerignore = services\company-service\src\.dockerignore
	EndProjectSection
EndProject
Project("{FAE04EC0-301F-11D3-BF4B-00C04F79EFBC}") = "Notification.Api", "services\notification-service\src\Notification.Api\Notification.Api.csproj", "{379A2C71-8383-4D3D-8B2B-9F9BD740EA8D}"
EndProject
Project("{FAE04EC0-301F-11D3-BF4B-00C04F79EFBC}") = "Notification.Core", "services\notification-service\src\Notification.Core\Notification.Core.csproj", "{F283C6BB-8B1F-4EEB-BA70-E4DB03960BC0}"
EndProject
Project("{FAE04EC0-301F-11D3-BF4B-00C04F79EFBC}") = "Notification.Infrastructure", "services\notification-service\src\Notification.Infrastructure\Notification.Infrastructure.csproj", "{6FA8D3A2-58E6-483E-9CC0-B5A77A0D4741}"
EndProject
Project("{2150E333-8FDC-42A3-9474-1A3956D46DE8}") = "order-service", "order-service", "{C3AAA6DC-C3FA-4C90-8770-9F2341978A52}"
EndProject
Project("{2150E333-8FDC-42A3-9474-1A3956D46DE8}") = "src", "src", "{19E2DBF3-8975-482E-B6EF-7C228A7BADA6}"
	ProjectSection(SolutionItems) = preProject
		services\order-service\src\Dockerfile = services\order-service\src\Dockerfile
		services\company-service\src\.dockerignore = services\company-service\src\.dockerignore
	EndProjectSection
EndProject
Project("{FAE04EC0-301F-11D3-BF4B-00C04F79EFBC}") = "Order.Api", "services\order-service\src\Order.Api\Order.Api.csproj", "{F0205004-53CE-4C49-B954-9CDF5116BEA9}"
EndProject
Project("{FAE04EC0-301F-11D3-BF4B-00C04F79EFBC}") = "Order.Core", "services\order-service\src\Order.Core\Order.Core.csproj", "{D87603C5-265B-451A-B1D0-9A4077E08D33}"
EndProject
Project("{FAE04EC0-301F-11D3-BF4B-00C04F79EFBC}") = "Order.Infrastructure", "services\order-service\src\Order.Infrastructure\Order.Infrastructure.csproj", "{817A333A-86AF-4BFE-8ADC-1F57EEFD7EE1}"
EndProject
Project("{2150E333-8FDC-42A3-9474-1A3956D46DE8}") = "pricing-engine-service", "pricing-engine-service", "{906A7103-FCEC-450F-889F-1E646B1B9175}"
EndProject
Project("{2150E333-8FDC-42A3-9474-1A3956D46DE8}") = "src", "src", "{69FBE524-C262-4352-B23B-CC46F9CBBD30}"
	ProjectSection(SolutionItems) = preProject
		services\pricing-engine-service\src\Dockerfile = services\pricing-engine-service\src\Dockerfile
		services\company-service\src\.dockerignore = services\company-service\src\.dockerignore
	EndProjectSection
EndProject
Project("{FAE04EC0-301F-11D3-BF4B-00C04F79EFBC}") = "Pricing.Infrastructure", "services\pricing-engine-service\src\Pricing.Infrastructure\Pricing.Infrastructure.csproj", "{557171DD-D956-4992-8E34-02F5AF76AF10}"
EndProject
Project("{2150E333-8FDC-42A3-9474-1A3956D46DE8}") = "rfq-service", "rfq-service", "{E51AB8F8-041D-4A41-B1BC-F3FA0E3E9D92}"
EndProject
Project("{2150E333-8FDC-42A3-9474-1A3956D46DE8}") = "src", "src", "{10C47A25-B49E-4869-9FDD-4B6C544E4456}"
	ProjectSection(SolutionItems) = preProject
		services\rfq-service\src\Dockerfile = services\rfq-service\src\Dockerfile
		services\company-service\src\.dockerignore = services\company-service\src\.dockerignore
	EndProjectSection
EndProject
Project("{FAE04EC0-301F-11D3-BF4B-00C04F79EFBC}") = "RFQ.Infrastructure", "services\rfq-service\src\RFQ.Infrastructure\RFQ.Infrastructure.csproj", "{2B422D86-1080-48CF-B944-1525428587C9}"
EndProject
Project("{2150E333-8FDC-42A3-9474-1A3956D46DE8}") = "vendor-service", "vendor-service", "{E5BAB428-D75B-4358-BD30-09768C961F33}"
EndProject
Project("{2150E333-8FDC-42A3-9474-1A3956D46DE8}") = "src", "src", "{9F2F9094-DD8D-40F0-8B90-EBFDA009D80A}"
	ProjectSection(SolutionItems) = preProject
		services\vendor-service\src\Dockerfile = services\vendor-service\src\Dockerfile
		services\company-service\src\.dockerignore = services\company-service\src\.dockerignore
	EndProjectSection
EndProject
Project("{FAE04EC0-301F-11D3-BF4B-00C04F79EFBC}") = "Quote.Infrastructure", "services\vendor-service\src\Quote.Infrastructure\Quote.Infrastructure.csproj", "{CC71B930-FD18-4A6F-AF3F-16A196BED810}"
EndProject
Project("{FAE04EC0-301F-11D3-BF4B-00C04F79EFBC}") = "Pricing.Core", "services\pricing-engine-service\src\Pricing.Core\Pricing.Core.csproj", "{21D4B600-8815-44C2-8E5D-B950BAA6BD23}"
EndProject
Project("{FAE04EC0-301F-11D3-BF4B-00C04F79EFBC}") = "RFQ.Core", "services\rfq-service\src\RFQ.Core\RFQ.Core.csproj", "{001C5022-5E8F-4A1F-9220-05E5F896CC4D}"
EndProject
Project("{FAE04EC0-301F-11D3-BF4B-00C04F79EFBC}") = "Quote.Core", "services\vendor-service\src\Quote.Core\Quote.Core.csproj", "{6A2573B3-CD4A-4263-AE14-B5313175B532}"
EndProject
Project("{FAE04EC0-301F-11D3-BF4B-00C04F79EFBC}") = "Pricing.Api", "services\pricing-engine-service\src\Pricing.Api\Pricing.Api.csproj", "{D94BBC9F-1FF2-408C-A008-7EF90C4DC666}"
EndProject
Project("{FAE04EC0-301F-11D3-BF4B-00C04F79EFBC}") = "RFQ.Api", "services\rfq-service\src\RFQ.Api\RFQ.Api.csproj", "{DF3B162D-1176-4C6F-88E1-817FC2DE04CB}"
EndProject
Project("{FAE04EC0-301F-11D3-BF4B-00C04F79EFBC}") = "Quote.Api", "services\vendor-service\src\Quote.Api\Quote.Api.csproj", "{01AD1C7F-0F2A-4B41-9FB3-D1B27D2F8726}"
EndProject
Project("{2150E333-8FDC-42A3-9474-1A3956D46DE8}") = "quote-service", "quote-service", "{C8FF0530-4481-4FEA-8BB1-91DBB44ECA8A}"
EndProject
Project("{2150E333-8FDC-42A3-9474-1A3956D46DE8}") = "src", "src", "{690B4E48-8271-4666-9244-53EE742C4071}"
	ProjectSection(SolutionItems) = preProject
		services\quote-service\src\Dockerfile = services\quote-service\src\Dockerfile
		services\company-service\src\.dockerignore = services\company-service\src\.dockerignore
	EndProjectSection
EndProject
Project("{FAE04EC0-301F-11D3-BF4B-00C04F79EFBC}") = "Quote.Api", "services\quote-service\src\Quote.Api\Quote.Api.csproj", "{1FBCA75D-248F-47FB-ADA4-5F9F9430678D}"
EndProject
Project("{FAE04EC0-301F-11D3-BF4B-00C04F79EFBC}") = "Quote.Infrastructure", "services\quote-service\src\Quote.Infrastructure\Quote.Infrastructure.csproj", "{740B1588-303C-4D6E-B7D0-4535E531BA03}"
EndProject
Project("{FAE04EC0-301F-11D3-BF4B-00C04F79EFBC}") = "Quote.Core", "services\quote-service\src\Quote.Core\Quote.Core.csproj", "{08F866E2-A3B8-4EEF-9C42-B503DD8A8EC9}"
EndProject
Project("{2150E333-8FDC-42A3-9474-1A3956D46DE8}") = "solution items", "solution items", "{7C789059-9AB4-4FE0-9675-7458B122996B}"
	ProjectSection(SolutionItems) = preProject
		docker-compose.yml = docker-compose.yml
	EndProjectSection
EndProject
Global
	GlobalSection(SolutionConfigurationPlatforms) = preSolution
		Debug|Any CPU = Debug|Any CPU
		Release|Any CPU = Release|Any CPU
	EndGlobalSection
	GlobalSection(SolutionProperties) = preSolution
		HideSolutionNode = FALSE
	EndGlobalSection
	GlobalSection(ProjectConfigurationPlatforms) = postSolution
		{A88BC92B-DCA6-46EF-99F3-BAF10C1303C7}.Debug|Any CPU.ActiveCfg = Debug|Any CPU
		{A88BC92B-DCA6-46EF-99F3-BAF10C1303C7}.Debug|Any CPU.Build.0 = Debug|Any CPU
		{A88BC92B-DCA6-46EF-99F3-BAF10C1303C7}.Release|Any CPU.ActiveCfg = Release|Any CPU
		{A88BC92B-DCA6-46EF-99F3-BAF10C1303C7}.Release|Any CPU.Build.0 = Release|Any CPU
		{E6012EED-2884-4E5B-AFF4-39A380D191B1}.Debug|Any CPU.ActiveCfg = Debug|Any CPU
		{E6012EED-2884-4E5B-AFF4-39A380D191B1}.Debug|Any CPU.Build.0 = Debug|Any CPU
		{E6012EED-2884-4E5B-AFF4-39A380D191B1}.Release|Any CPU.ActiveCfg = Release|Any CPU
		{E6012EED-2884-4E5B-AFF4-39A380D191B1}.Release|Any CPU.Build.0 = Release|Any CPU
		{4AA87D02-9603-45BB-92E9-797F3C58CB8E}.Debug|Any CPU.ActiveCfg = Debug|Any CPU
		{4AA87D02-9603-45BB-92E9-797F3C58CB8E}.Debug|Any CPU.Build.0 = Debug|Any CPU
		{4AA87D02-9603-45BB-92E9-797F3C58CB8E}.Release|Any CPU.ActiveCfg = Release|Any CPU
		{4AA87D02-9603-45BB-92E9-797F3C58CB8E}.Release|Any CPU.Build.0 = Release|Any CPU
		{A588B88B-E610-4370-885B-B7110D60CC06}.Debug|Any CPU.ActiveCfg = Debug|Any CPU
		{A588B88B-E610-4370-885B-B7110D60CC06}.Debug|Any CPU.Build.0 = Debug|Any CPU
		{A588B88B-E610-4370-885B-B7110D60CC06}.Release|Any CPU.ActiveCfg = Release|Any CPU
		{A588B88B-E610-4370-885B-B7110D60CC06}.Release|Any CPU.Build.0 = Release|Any CPU
		{836F53A8-8F17-4EB0-B238-EECB5DB4AC4B}.Debug|Any CPU.ActiveCfg = Debug|Any CPU
		{836F53A8-8F17-4EB0-B238-EECB5DB4AC4B}.Debug|Any CPU.Build.0 = Debug|Any CPU
		{836F53A8-8F17-4EB0-B238-EECB5DB4AC4B}.Release|Any CPU.ActiveCfg = Release|Any CPU
		{836F53A8-8F17-4EB0-B238-EECB5DB4AC4B}.Release|Any CPU.Build.0 = Release|Any CPU
		{B523B7B9-0B3D-4FDA-B67F-3845AFF21FB1}.Debug|Any CPU.ActiveCfg = Debug|Any CPU
		{B523B7B9-0B3D-4FDA-B67F-3845AFF21FB1}.Debug|Any CPU.Build.0 = Debug|Any CPU
		{B523B7B9-0B3D-4FDA-B67F-3845AFF21FB1}.Release|Any CPU.ActiveCfg = Release|Any CPU
		{B523B7B9-0B3D-4FDA-B67F-3845AFF21FB1}.Release|Any CPU.Build.0 = Release|Any CPU
		{F5298826-BE29-4BEC-9C3E-B4EA6582F53D}.Debug|Any CPU.ActiveCfg = Debug|Any CPU
		{F5298826-BE29-4BEC-9C3E-B4EA6582F53D}.Debug|Any CPU.Build.0 = Debug|Any CPU
		{F5298826-BE29-4BEC-9C3E-B4EA6582F53D}.Release|Any CPU.ActiveCfg = Release|Any CPU
		{F5298826-BE29-4BEC-9C3E-B4EA6582F53D}.Release|Any CPU.Build.0 = Release|Any CPU
		{87069D72-4DB1-4876-A966-D702522E009D}.Debug|Any CPU.ActiveCfg = Debug|Any CPU
		{87069D72-4DB1-4876-A966-D702522E009D}.Debug|Any CPU.Build.0 = Debug|Any CPU
		{87069D72-4DB1-4876-A966-D702522E009D}.Release|Any CPU.ActiveCfg = Release|Any CPU
		{87069D72-4DB1-4876-A966-D702522E009D}.Release|Any CPU.Build.0 = Release|Any CPU
		{4B13F34C-26AB-45AD-8A43-E0A9683C5493}.Debug|Any CPU.ActiveCfg = Debug|Any CPU
		{4B13F34C-26AB-45AD-8A43-E0A9683C5493}.Debug|Any CPU.Build.0 = Debug|Any CPU
		{4B13F34C-26AB-45AD-8A43-E0A9683C5493}.Release|Any CPU.ActiveCfg = Release|Any CPU
		{4B13F34C-26AB-45AD-8A43-E0A9683C5493}.Release|Any CPU.Build.0 = Release|Any CPU
		{379A2C71-8383-4D3D-8B2B-9F9BD740EA8D}.Debug|Any CPU.ActiveCfg = Debug|Any CPU
		{379A2C71-8383-4D3D-8B2B-9F9BD740EA8D}.Debug|Any CPU.Build.0 = Debug|Any CPU
		{379A2C71-8383-4D3D-8B2B-9F9BD740EA8D}.Release|Any CPU.ActiveCfg = Release|Any CPU
		{379A2C71-8383-4D3D-8B2B-9F9BD740EA8D}.Release|Any CPU.Build.0 = Release|Any CPU
		{F283C6BB-8B1F-4EEB-BA70-E4DB03960BC0}.Debug|Any CPU.ActiveCfg = Debug|Any CPU
		{F283C6BB-8B1F-4EEB-BA70-E4DB03960BC0}.Debug|Any CPU.Build.0 = Debug|Any CPU
		{F283C6BB-8B1F-4EEB-BA70-E4DB03960BC0}.Release|Any CPU.ActiveCfg = Release|Any CPU
		{F283C6BB-8B1F-4EEB-BA70-E4DB03960BC0}.Release|Any CPU.Build.0 = Release|Any CPU
		{6FA8D3A2-58E6-483E-9CC0-B5A77A0D4741}.Debug|Any CPU.ActiveCfg = Debug|Any CPU
		{6FA8D3A2-58E6-483E-9CC0-B5A77A0D4741}.Debug|Any CPU.Build.0 = Debug|Any CPU
		{6FA8D3A2-58E6-483E-9CC0-B5A77A0D4741}.Release|Any CPU.ActiveCfg = Release|Any CPU
		{6FA8D3A2-58E6-483E-9CC0-B5A77A0D4741}.Release|Any CPU.Build.0 = Release|Any CPU
		{F0205004-53CE-4C49-B954-9CDF5116BEA9}.Debug|Any CPU.ActiveCfg = Debug|Any CPU
		{F0205004-53CE-4C49-B954-9CDF5116BEA9}.Debug|Any CPU.Build.0 = Debug|Any CPU
		{F0205004-53CE-4C49-B954-9CDF5116BEA9}.Release|Any CPU.ActiveCfg = Release|Any CPU
		{F0205004-53CE-4C49-B954-9CDF5116BEA9}.Release|Any CPU.Build.0 = Release|Any CPU
		{D87603C5-265B-451A-B1D0-9A4077E08D33}.Debug|Any CPU.ActiveCfg = Debug|Any CPU
		{D87603C5-265B-451A-B1D0-9A4077E08D33}.Debug|Any CPU.Build.0 = Debug|Any CPU
		{D87603C5-265B-451A-B1D0-9A4077E08D33}.Release|Any CPU.ActiveCfg = Release|Any CPU
		{D87603C5-265B-451A-B1D0-9A4077E08D33}.Release|Any CPU.Build.0 = Release|Any CPU
		{817A333A-86AF-4BFE-8ADC-1F57EEFD7EE1}.Debug|Any CPU.ActiveCfg = Debug|Any CPU
		{817A333A-86AF-4BFE-8ADC-1F57EEFD7EE1}.Debug|Any CPU.Build.0 = Debug|Any CPU
		{817A333A-86AF-4BFE-8ADC-1F57EEFD7EE1}.Release|Any CPU.ActiveCfg = Release|Any CPU
		{817A333A-86AF-4BFE-8ADC-1F57EEFD7EE1}.Release|Any CPU.Build.0 = Release|Any CPU
		{557171DD-D956-4992-8E34-02F5AF76AF10}.Debug|Any CPU.ActiveCfg = Debug|Any CPU
		{557171DD-D956-4992-8E34-02F5AF76AF10}.Debug|Any CPU.Build.0 = Debug|Any CPU
		{557171DD-D956-4992-8E34-02F5AF76AF10}.Release|Any CPU.ActiveCfg = Release|Any CPU
		{557171DD-D956-4992-8E34-02F5AF76AF10}.Release|Any CPU.Build.0 = Release|Any CPU
		{2B422D86-1080-48CF-B944-1525428587C9}.Debug|Any CPU.ActiveCfg = Debug|Any CPU
		{2B422D86-1080-48CF-B944-1525428587C9}.Debug|Any CPU.Build.0 = Debug|Any CPU
		{2B422D86-1080-48CF-B944-1525428587C9}.Release|Any CPU.ActiveCfg = Release|Any CPU
		{2B422D86-1080-48CF-B944-1525428587C9}.Release|Any CPU.Build.0 = Release|Any CPU
		{CC71B930-FD18-4A6F-AF3F-16A196BED810}.Debug|Any CPU.ActiveCfg = Debug|Any CPU
		{CC71B930-FD18-4A6F-AF3F-16A196BED810}.Debug|Any CPU.Build.0 = Debug|Any CPU
		{CC71B930-FD18-4A6F-AF3F-16A196BED810}.Release|Any CPU.ActiveCfg = Release|Any CPU
		{CC71B930-FD18-4A6F-AF3F-16A196BED810}.Release|Any CPU.Build.0 = Release|Any CPU
		{21D4B600-8815-44C2-8E5D-B950BAA6BD23}.Debug|Any CPU.ActiveCfg = Debug|Any CPU
		{21D4B600-8815-44C2-8E5D-B950BAA6BD23}.Debug|Any CPU.Build.0 = Debug|Any CPU
		{21D4B600-8815-44C2-8E5D-B950BAA6BD23}.Release|Any CPU.ActiveCfg = Release|Any CPU
		{21D4B600-8815-44C2-8E5D-B950BAA6BD23}.Release|Any CPU.Build.0 = Release|Any CPU
		{001C5022-5E8F-4A1F-9220-05E5F896CC4D}.Debug|Any CPU.ActiveCfg = Debug|Any CPU
		{001C5022-5E8F-4A1F-9220-05E5F896CC4D}.Debug|Any CPU.Build.0 = Debug|Any CPU
		{001C5022-5E8F-4A1F-9220-05E5F896CC4D}.Release|Any CPU.ActiveCfg = Release|Any CPU
		{001C5022-5E8F-4A1F-9220-05E5F896CC4D}.Release|Any CPU.Build.0 = Release|Any CPU
		{6A2573B3-CD4A-4263-AE14-B5313175B532}.Debug|Any CPU.ActiveCfg = Debug|Any CPU
		{6A2573B3-CD4A-4263-AE14-B5313175B532}.Debug|Any CPU.Build.0 = Debug|Any CPU
		{6A2573B3-CD4A-4263-AE14-B5313175B532}.Release|Any CPU.ActiveCfg = Release|Any CPU
		{6A2573B3-CD4A-4263-AE14-B5313175B532}.Release|Any CPU.Build.0 = Release|Any CPU
		{D94BBC9F-1FF2-408C-A008-7EF90C4DC666}.Debug|Any CPU.ActiveCfg = Debug|Any CPU
		{D94BBC9F-1FF2-408C-A008-7EF90C4DC666}.Debug|Any CPU.Build.0 = Debug|Any CPU
		{D94BBC9F-1FF2-408C-A008-7EF90C4DC666}.Release|Any CPU.ActiveCfg = Release|Any CPU
		{D94BBC9F-1FF2-408C-A008-7EF90C4DC666}.Release|Any CPU.Build.0 = Release|Any CPU
		{DF3B162D-1176-4C6F-88E1-817FC2DE04CB}.Debug|Any CPU.ActiveCfg = Debug|Any CPU
		{DF3B162D-1176-4C6F-88E1-817FC2DE04CB}.Debug|Any CPU.Build.0 = Debug|Any CPU
		{DF3B162D-1176-4C6F-88E1-817FC2DE04CB}.Release|Any CPU.ActiveCfg = Release|Any CPU
		{DF3B162D-1176-4C6F-88E1-817FC2DE04CB}.Release|Any CPU.Build.0 = Release|Any CPU
		{01AD1C7F-0F2A-4B41-9FB3-D1B27D2F8726}.Debug|Any CPU.ActiveCfg = Debug|Any CPU
		{01AD1C7F-0F2A-4B41-9FB3-D1B27D2F8726}.Debug|Any CPU.Build.0 = Debug|Any CPU
		{01AD1C7F-0F2A-4B41-9FB3-D1B27D2F8726}.Release|Any CPU.ActiveCfg = Release|Any CPU
		{01AD1C7F-0F2A-4B41-9FB3-D1B27D2F8726}.Release|Any CPU.Build.0 = Release|Any CPU
		{1FBCA75D-248F-47FB-ADA4-5F9F9430678D}.Debug|Any CPU.ActiveCfg = Debug|Any CPU
		{1FBCA75D-248F-47FB-ADA4-5F9F9430678D}.Debug|Any CPU.Build.0 = Debug|Any CPU
		{1FBCA75D-248F-47FB-ADA4-5F9F9430678D}.Release|Any CPU.ActiveCfg = Release|Any CPU
		{1FBCA75D-248F-47FB-ADA4-5F9F9430678D}.Release|Any CPU.Build.0 = Release|Any CPU
		{740B1588-303C-4D6E-B7D0-4535E531BA03}.Debug|Any CPU.ActiveCfg = Debug|Any CPU
		{740B1588-303C-4D6E-B7D0-4535E531BA03}.Debug|Any CPU.Build.0 = Debug|Any CPU
		{740B1588-303C-4D6E-B7D0-4535E531BA03}.Release|Any CPU.ActiveCfg = Release|Any CPU
		{740B1588-303C-4D6E-B7D0-4535E531BA03}.Release|Any CPU.Build.0 = Release|Any CPU
		{08F866E2-A3B8-4EEF-9C42-B503DD8A8EC9}.Debug|Any CPU.ActiveCfg = Debug|Any CPU
		{08F866E2-A3B8-4EEF-9C42-B503DD8A8EC9}.Debug|Any CPU.Build.0 = Debug|Any CPU
		{08F866E2-A3B8-4EEF-9C42-B503DD8A8EC9}.Release|Any CPU.ActiveCfg = Release|Any CPU
		{08F866E2-A3B8-4EEF-9C42-B503DD8A8EC9}.Release|Any CPU.Build.0 = Release|Any CPU
	EndGlobalSection
	GlobalSection(NestedProjects) = preSolution
		{F5879C24-0B34-4B10-9095-0D7CDCEA80F4} = {430D317E-EFD5-427B-A474-934E77831A1D}
		{1F4F2915-7ADA-4EAB-8A6F-CC202B35758F} = {F5879C24-0B34-4B10-9095-0D7CDCEA80F4}
		{A88BC92B-DCA6-46EF-99F3-BAF10C1303C7} = {1F4F2915-7ADA-4EAB-8A6F-CC202B35758F}
		{E6012EED-2884-4E5B-AFF4-39A380D191B1} = {1F4F2915-7ADA-4EAB-8A6F-CC202B35758F}
		{4AA87D02-9603-45BB-92E9-797F3C58CB8E} = {1F4F2915-7ADA-4EAB-8A6F-CC202B35758F}
		{EA1E9D7D-7DB9-4709-8D4F-9E1B3CF962EE} = {430D317E-EFD5-427B-A474-934E77831A1D}
		{42C87421-99D1-4E24-8B27-4AEED28C3EF6} = {EA1E9D7D-7DB9-4709-8D4F-9E1B3CF962EE}
		{A588B88B-E610-4370-885B-B7110D60CC06} = {42C87421-99D1-4E24-8B27-4AEED28C3EF6}
		{836F53A8-8F17-4EB0-B238-EECB5DB4AC4B} = {42C87421-99D1-4E24-8B27-4AEED28C3EF6}
		{B523B7B9-0B3D-4FDA-B67F-3845AFF21FB1} = {42C87421-99D1-4E24-8B27-4AEED28C3EF6}
		{03194118-1E99-4B7B-ABAD-B3FCD5459AFF} = {430D317E-EFD5-427B-A474-934E77831A1D}
		{C55EEB2A-98CD-49C1-BA7F-DF77A405A6D3} = {03194118-1E99-4B7B-ABAD-B3FCD5459AFF}
		{F5298826-BE29-4BEC-9C3E-B4EA6582F53D} = {C55EEB2A-98CD-49C1-BA7F-DF77A405A6D3}
		{87069D72-4DB1-4876-A966-D702522E009D} = {C55EEB2A-98CD-49C1-BA7F-DF77A405A6D3}
		{4B13F34C-26AB-45AD-8A43-E0A9683C5493} = {C55EEB2A-98CD-49C1-BA7F-DF77A405A6D3}
		{20A9A369-B8B7-4476-A91B-B665002DC84C} = {430D317E-EFD5-427B-A474-934E77831A1D}
		{82F2E12E-EE97-4A96-A700-67A69A65353F} = {20A9A369-B8B7-4476-A91B-B665002DC84C}
		{379A2C71-8383-4D3D-8B2B-9F9BD740EA8D} = {82F2E12E-EE97-4A96-A700-67A69A65353F}
		{F283C6BB-8B1F-4EEB-BA70-E4DB03960BC0} = {82F2E12E-EE97-4A96-A700-67A69A65353F}
		{6FA8D3A2-58E6-483E-9CC0-B5A77A0D4741} = {82F2E12E-EE97-4A96-A700-67A69A65353F}
		{C3AAA6DC-C3FA-4C90-8770-9F2341978A52} = {430D317E-EFD5-427B-A474-934E77831A1D}
		{19E2DBF3-8975-482E-B6EF-7C228A7BADA6} = {C3AAA6DC-C3FA-4C90-8770-9F2341978A52}
		{F0205004-53CE-4C49-B954-9CDF5116BEA9} = {19E2DBF3-8975-482E-B6EF-7C228A7BADA6}
		{D87603C5-265B-451A-B1D0-9A4077E08D33} = {19E2DBF3-8975-482E-B6EF-7C228A7BADA6}
		{817A333A-86AF-4BFE-8ADC-1F57EEFD7EE1} = {19E2DBF3-8975-482E-B6EF-7C228A7BADA6}
		{906A7103-FCEC-450F-889F-1E646B1B9175} = {430D317E-EFD5-427B-A474-934E77831A1D}
		{69FBE524-C262-4352-B23B-CC46F9CBBD30} = {906A7103-FCEC-450F-889F-1E646B1B9175}
		{557171DD-D956-4992-8E34-02F5AF76AF10} = {69FBE524-C262-4352-B23B-CC46F9CBBD30}
		{E51AB8F8-041D-4A41-B1BC-F3FA0E3E9D92} = {430D317E-EFD5-427B-A474-934E77831A1D}
		{10C47A25-B49E-4869-9FDD-4B6C544E4456} = {E51AB8F8-041D-4A41-B1BC-F3FA0E3E9D92}
		{2B422D86-1080-48CF-B944-1525428587C9} = {10C47A25-B49E-4869-9FDD-4B6C544E4456}
		{E5BAB428-D75B-4358-BD30-09768C961F33} = {430D317E-EFD5-427B-A474-934E77831A1D}
		{9F2F9094-DD8D-40F0-8B90-EBFDA009D80A} = {E5BAB428-D75B-4358-BD30-09768C961F33}
		{CC71B930-FD18-4A6F-AF3F-16A196BED810} = {9F2F9094-DD8D-40F0-8B90-EBFDA009D80A}
		{21D4B600-8815-44C2-8E5D-B950BAA6BD23} = {69FBE524-C262-4352-B23B-CC46F9CBBD30}
		{001C5022-5E8F-4A1F-9220-05E5F896CC4D} = {10C47A25-B49E-4869-9FDD-4B6C544E4456}
		{6A2573B3-CD4A-4263-AE14-B5313175B532} = {9F2F9094-DD8D-40F0-8B90-EBFDA009D80A}
		{D94BBC9F-1FF2-408C-A008-7EF90C4DC666} = {69FBE524-C262-4352-B23B-CC46F9CBBD30}
		{DF3B162D-1176-4C6F-88E1-817FC2DE04CB} = {10C47A25-B49E-4869-9FDD-4B6C544E4456}
		{01AD1C7F-0F2A-4B41-9FB3-D1B27D2F8726} = {9F2F9094-DD8D-40F0-8B90-EBFDA009D80A}
		{C8FF0530-4481-4FEA-8BB1-91DBB44ECA8A} = {430D317E-EFD5-427B-A474-934E77831A1D}
		{690B4E48-8271-4666-9244-53EE742C4071} = {C8FF0530-4481-4FEA-8BB1-91DBB44ECA8A}
		{1FBCA75D-248F-47FB-ADA4-5F9F9430678D} = {690B4E48-8271-4666-9244-53EE742C4071}
		{740B1588-303C-4D6E-B7D0-4535E531BA03} = {690B4E48-8271-4666-9244-53EE742C4071}
		{08F866E2-A3B8-4EEF-9C42-B503DD8A8EC9} = {690B4E48-8271-4666-9244-53EE742C4071}
	EndGlobalSection
EndGlobal
